
Microsoft Visual Studio Solution File, Format Version 12.00
# Visual Studio 15
VisualStudioVersion = 15.0.27004.2005
MinimumVisualStudioVersion = 10.0.40219.1
Project("{FAE04EC0-301F-11D3-BF4B-00C04F79EFBC}") = "AppWeb", "TestFS\AppWeb.csproj", "{8A592D9F-0437-40C4-8336-49A7407763D4}"
	ProjectSection(ProjectDependencies) = postProject
		{58FB996D-2723-4D96-99CC-936D7A1BBA34} = {58FB996D-2723-4D96-99CC-936D7A1BBA34}
	EndProjectSection
EndProject
Project("{E24C65DC-7377-472B-9ABA-BC803B73C61A}") = "wsPedido", "..\wsPedido\", "{58FB996D-2723-4D96-99CC-936D7A1BBA34}"
	ProjectSection(WebsiteProperties) = preProject
		TargetFrameworkMoniker = ".NETFramework,Version%3Dv4.6.1"
		Debug.AspNetCompiler.VirtualPath = "/localhost_57644"
		Debug.AspNetCompiler.PhysicalPath = "..\wsPedido\"
		Debug.AspNetCompiler.TargetPath = "PrecompiledWeb\localhost_57644\"
		Debug.AspNetCompiler.Updateable = "true"
		Debug.AspNetCompiler.ForceOverwrite = "true"
		Debug.AspNetCompiler.FixedNames = "false"
		Debug.AspNetCompiler.Debug = "True"
		Release.AspNetCompiler.VirtualPath = "/localhost_57644"
		Release.AspNetCompiler.PhysicalPath = "..\wsPedido\"
		Release.AspNetCompiler.TargetPath = "PrecompiledWeb\localhost_57644\"
		Release.AspNetCompiler.Updateable = "true"
		Release.AspNetCompiler.ForceOverwrite = "true"
		Release.AspNetCompiler.FixedNames = "false"
		Release.AspNetCompiler.Debug = "False"
		VWDPort = "57644"
		SlnRelativePath = "..\wsPedido\"
		StartServerOnDebug = "true"
	EndProjectSection
EndProject
Global
	GlobalSection(SolutionConfigurationPlatforms) = preSolution
		Debug|Any CPU = Debug|Any CPU
		Release|Any CPU = Release|Any CPU
	EndGlobalSection
	GlobalSection(ProjectConfigurationPlatforms) = postSolution
		{8A592D9F-0437-40C4-8336-49A7407763D4}.Debug|Any CPU.ActiveCfg = Debug|Any CPU
		{8A592D9F-0437-40C4-8336-49A7407763D4}.Debug|Any CPU.Build.0 = Debug|Any CPU
		{8A592D9F-0437-40C4-8336-49A7407763D4}.Release|Any CPU.ActiveCfg = Release|Any CPU
		{8A592D9F-0437-40C4-8336-49A7407763D4}.Release|Any CPU.Build.0 = Release|Any CPU
		{58FB996D-2723-4D96-99CC-936D7A1BBA34}.Debug|Any CPU.ActiveCfg = Debug|Any CPU
		{58FB996D-2723-4D96-99CC-936D7A1BBA34}.Debug|Any CPU.Build.0 = Debug|Any CPU
		{58FB996D-2723-4D96-99CC-936D7A1BBA34}.Release|Any CPU.ActiveCfg = Debug|Any CPU
		{58FB996D-2723-4D96-99CC-936D7A1BBA34}.Release|Any CPU.Build.0 = Debug|Any CPU
	EndGlobalSection
	GlobalSection(SolutionProperties) = preSolution
		HideSolutionNode = FALSE
	EndGlobalSection
	GlobalSection(ExtensibilityGlobals) = postSolution
		SolutionGuid = {F5E8F499-A9EF-4F7F-95AA-3432222C10CF}
	EndGlobalSection
EndGlobal
